
Microsoft Visual Studio Solution File, Format Version 12.00
# Visual Studio Version 16
VisualStudioVersion = 16.0.30413.136
MinimumVisualStudioVersion = 10.0.40219.1
Project("{FAE04EC0-301F-11D3-BF4B-00C04F79EFBC}") = "WebApp", "WebApp\WebApp.csproj", "{3B19096F-03FE-45FE-9EFD-BF564CBEF87B}"
EndProject
Global
	GlobalSection(SolutionConfigurationPlatforms) = preSolution
		Debug|Any CPU = Debug|Any CPU
		Release|Any CPU = Release|Any CPU
	EndGlobalSection
	GlobalSection(ProjectConfigurationPlatforms) = postSolution
		{3B19096F-03FE-45FE-9EFD-BF564CBEF87B}.Debug|Any CPU.ActiveCfg = Debug|Any CPU
		{3B19096F-03FE-45FE-9EFD-BF564CBEF87B}.Debug|Any CPU.Build.0 = Debug|Any CPU
		{3B19096F-03FE-45FE-9EFD-BF564CBEF87B}.Release|Any CPU.ActiveCfg = Release|Any CPU
		{3B19096F-03FE-45FE-9EFD-BF564CBEF87B}.Release|Any CPU.Build.0 = Release|Any CPU
	EndGlobalSection
	GlobalSection(SolutionProperties) = preSolution
		HideSolutionNode = FALSE
	EndGlobalSection
	GlobalSection(ExtensibilityGlobals) = postSolution
		SolutionGuid = {58CE92FF-55A0-471D-9220-CF22E835F6DE}
	EndGlobalSection
EndGlobal
